Microsoft Visual Studio Solution File, Format Version 12.00
# Visual Studio Version 16
VisualStudioVersion = 16.0.0.0
MinimumVisualStudioVersion = 16.0.0.0
Project("{9A19103F-16F7-4668-BE54-9A1E7A4F7556}") = "ChatBySignalR.Server", "Server\ChatBySignalR.Server.csproj", "{ADDADA69-D27D-4D7F-BE2E-8A5368B17A6D}"
EndProject
Project("{9A19103F-16F7-4668-BE54-9A1E7A4F7556}") = "ChatBySignalR.Client", "Client\ChatBySignalR.Client.csproj", "{BA6F7E00-86BB-4723-A82C-8170C0E929AF}"
EndProject
Project("{9A19103F-16F7-4668-BE54-9A1E7A4F7556}") = "ChatBySignalR.Shared", "Shared\ChatBySignalR.Shared.csproj", "{0A3856EA-9BA1-4F89-8C08-600870D6CBE4}"
EndProject
Global
	GlobalSection(SolutionConfigurationPlatforms) = preSolution
		Debug|Any CPU = Debug|Any CPU
		Debug|x64 = Debug|x64
		Debug|x86 = Debug|x86
		Release|Any CPU = Release|Any CPU
		Release|x64 = Release|x64
		Release|x86 = Release|x86
	EndGlobalSection
	GlobalSection(ProjectConfigurationPlatforms) = postSolution
		{BA6F7E00-86BB-4723-A82C-8170C0E929AF}.Debug|Any CPU.ActiveCfg = Debug|Any CPU
		{BA6F7E00-86BB-4723-A82C-8170C0E929AF}.Debug|Any CPU.Build.0 = Debug|Any CPU
		{BA6F7E00-86BB-4723-A82C-8170C0E929AF}.Debug|x64.ActiveCfg = Debug|Any CPU
		{BA6F7E00-86BB-4723-A82C-8170C0E929AF}.Debug|x64.Build.0 = Debug|Any CPU
		{BA6F7E00-86BB-4723-A82C-8170C0E929AF}.Debug|x86.ActiveCfg = Debug|Any CPU
		{BA6F7E00-86BB-4723-A82C-8170C0E929AF}.Debug|x86.Build.0 = Debug|Any CPU
		{BA6F7E00-86BB-4723-A82C-8170C0E929AF}.Release|Any CPU.ActiveCfg = Release|Any CPU
		{BA6F7E00-86BB-4723-A82C-8170C0E929AF}.Release|Any CPU.Build.0 = Release|Any CPU
		{BA6F7E00-86BB-4723-A82C-8170C0E929AF}.Release|x64.ActiveCfg = Release|Any CPU
		{BA6F7E00-86BB-4723-A82C-8170C0E929AF}.Release|x64.Build.0 = Release|Any CPU
		{BA6F7E00-86BB-4723-A82C-8170C0E929AF}.Release|x86.ActiveCfg = Release|Any CPU
		{BA6F7E00-86BB-4723-A82C-8170C0E929AF}.Release|x86.Build.0 = Release|Any CPU
		{ADDADA69-D27D-4D7F-BE2E-8A5368B17A6D}.Debug|Any CPU.ActiveCfg = Debug|Any CPU
		{ADDADA69-D27D-4D7F-BE2E-8A5368B17A6D}.Debug|Any CPU.Build.0 = Debug|Any CPU
		{ADDADA69-D27D-4D7F-BE2E-8A5368B17A6D}.Debug|x64.ActiveCfg = Debug|Any CPU
		{ADDADA69-D27D-4D7F-BE2E-8A5368B17A6D}.Debug|x64.Build.0 = Debug|Any CPU
		{ADDADA69-D27D-4D7F-BE2E-8A5368B17A6D}.Debug|x86.ActiveCfg = Debug|Any CPU
		{ADDADA69-D27D-4D7F-BE2E-8A5368B17A6D}.Debug|x86.Build.0 = Debug|Any CPU
		{ADDADA69-D27D-4D7F-BE2E-8A5368B17A6D}.Release|Any CPU.ActiveCfg = Release|Any CPU
		{ADDADA69-D27D-4D7F-BE2E-8A5368B17A6D}.Release|Any CPU.Build.0 = Release|Any CPU
		{ADDADA69-D27D-4D7F-BE2E-8A5368B17A6D}.Release|x64.ActiveCfg = Release|Any CPU
		{ADDADA69-D27D-4D7F-BE2E-8A5368B17A6D}.Release|x64.Build.0 = Release|Any CPU
		{ADDADA69-D27D-4D7F-BE2E-8A5368B17A6D}.Release|x86.ActiveCfg = Release|Any CPU
		{ADDADA69-D27D-4D7F-BE2E-8A5368B17A6D}.Release|x86.Build.0 = Release|Any CPU
		{0A3856EA-9BA1-4F89-8C08-600870D6CBE4}.Debug|Any CPU.ActiveCfg = Debug|Any CPU
		{0A3856EA-9BA1-4F89-8C08-600870D6CBE4}.Debug|Any CPU.Build.0 = Debug|Any CPU
		{0A3856EA-9BA1-4F89-8C08-600870D6CBE4}.Debug|x64.ActiveCfg = Debug|Any CPU
		{0A3856EA-9BA1-4F89-8C08-600870D6CBE4}.Debug|x64.Build.0 = Debug|Any CPU
		{0A3856EA-9BA1-4F89-8C08-600870D6CBE4}.Debug|x86.ActiveCfg = Debug|Any CPU
		{0A3856EA-9BA1-4F89-8C08-600870D6CBE4}.Debug|x86.Build.0 = Debug|Any CPU
		{0A3856EA-9BA1-4F89-8C08-600870D6CBE4}.Release|Any CPU.ActiveCfg = Release|Any CPU
		{0A3856EA-9BA1-4F89-8C08-600870D6CBE4}.Release|Any CPU.Build.0 = Release|Any CPU
		{0A3856EA-9BA1-4F89-8C08-600870D6CBE4}.Release|x64.ActiveCfg = Release|Any CPU
		{0A3856EA-9BA1-4F89-8C08-600870D6CBE4}.Release|x64.Build.0 = Release|Any CPU
		{0A3856EA-9BA1-4F89-8C08-600870D6CBE4}.Release|x86.ActiveCfg = Release|Any CPU
		{0A3856EA-9BA1-4F89-8C08-600870D6CBE4}.Release|x86.Build.0 = Release|Any CPU
	EndGlobalSection
	GlobalSection(SolutionProperties) = preSolution
		HideSolutionNode = FALSE
	EndGlobalSection
	GlobalSection(ExtensibilityGlobals) = postSolution
		SolutionGuid = {06D12A1D-7DF5-432E-9932-F52674DEA802}
	EndGlobalSection
EndGlobal